PODS:
  - QBImagePickerController (3.4.0)
  - RSKImageCropper (2.0.0)

DEPENDENCIES:
  - QBImagePickerController
  - RSKImageCropper

SPEC CHECKSUMS:
  QBImagePickerController: d54cf93db6decf26baf6ed3472f336ef35cae022
  RSKImageCropper: d9a1acbc0600bf8decc8f0d21895872c99a9e4cf

PODFILE CHECKSUM: 26eafe2772de2cc9b8068f2475e93090e2663f1b

COCOAPODS: 1.3.1
